
Microsoft Visual Studio Solution File, Format Version 12.00
# Visual Studio Version 16
VisualStudioVersion = 16.0.28803.352
MinimumVisualStudioVersion = 10.0.40219.1
Project("{FAE04EC0-301F-11D3-BF4B-00C04F79EFBC}") = "PayingSystem", "PayingSystem\PayingSystem.csproj", "{885D5963-B7BA-4817-A01C-3ECC288FEA15}"
EndProject
Global
	GlobalSection(SolutionConfigurationPlatforms) = preSolution
		Debug|Any CPU = Debug|Any CPU
		Release|Any CPU = Release|Any CPU
	EndGlobalSection
	GlobalSection(ProjectConfigurationPlatforms) = postSolution
		{885D5963-B7BA-4817-A01C-3ECC288FEA15}.Debug|Any CPU.ActiveCfg = Debug|Any CPU
		{885D5963-B7BA-4817-A01C-3ECC288FEA15}.Debug|Any CPU.Build.0 = Debug|Any CPU
		{885D5963-B7BA-4817-A01C-3ECC288FEA15}.Release|Any CPU.ActiveCfg = Release|Any CPU
		{885D5963-B7BA-4817-A01C-3ECC288FEA15}.Release|Any CPU.Build.0 = Release|Any CPU
	EndGlobalSection
	GlobalSection(SolutionProperties) = preSolution
		HideSolutionNode = FALSE
	EndGlobalSection
	GlobalSection(ExtensibilityGlobals) = postSolution
		SolutionGuid = {A47400BE-7976-463B-B4E3-FE09A433CC74}
	EndGlobalSection
EndGlobal
